
Microsoft Visual Studio Solution File, Format Version 12.00
# Visual Studio Version 17
VisualStudioVersion = 17.10.35122.118
MinimumVisualStudioVersion = 10.0.40219.1
Project("{9A19103F-16F7-4668-BE54-9A1E7A4F7556}") = "CabinPi.Web", "CabinPi.Web\CabinPi.Web.csproj", "{8D97A12F-6BF0-4BEE-9087-BFC544C5FAC9}"
EndProject
Global
	GlobalSection(SolutionConfigurationPlatforms) = preSolution
		Debug|Any CPU = Debug|Any CPU
		Release|Any CPU = Release|Any CPU
	EndGlobalSection
	GlobalSection(ProjectConfigurationPlatforms) = postSolution
		{8D97A12F-6BF0-4BEE-9087-BFC544C5FAC9}.Debug|Any CPU.ActiveCfg = Debug|Any CPU
		{8D97A12F-6BF0-4BEE-9087-BFC544C5FAC9}.Debug|Any CPU.Build.0 = Debug|Any CPU
		{8D97A12F-6BF0-4BEE-9087-BFC544C5FAC9}.Release|Any CPU.ActiveCfg = Release|Any CPU
		{8D97A12F-6BF0-4BEE-9087-BFC544C5FAC9}.Release|Any CPU.Build.0 = Release|Any CPU
	EndGlobalSection
	GlobalSection(SolutionProperties) = preSolution
		HideSolutionNode = FALSE
	EndGlobalSection
	GlobalSection(ExtensibilityGlobals) = postSolution
		SolutionGuid = {7A1FDE0B-55AF-40AE-B431-B9C74283ADC8}
	EndGlobalSection
EndGlobal
